
Microsoft Visual Studio Solution File, Format Version 12.00
# Visual Studio Version 17
VisualStudioVersion = 17.8.34330.188
MinimumVisualStudioVersion = 10.0.40219.1
Project("{9A19103F-16F7-4668-BE54-9A1E7A4F7556}") = "Website", "Website.csproj", "{7C150EC3-6363-46C0-B0F7-F58FBE43528C}"
EndProject
Global
	GlobalSection(SolutionConfigurationPlatforms) = preSolution
		Debug|Any CPU = Debug|Any CPU
		Release|Any CPU = Release|Any CPU
	EndGlobalSection
	GlobalSection(ProjectConfigurationPlatforms) = postSolution
		{7C150EC3-6363-46C0-B0F7-F58FBE43528C}.Debug|Any CPU.ActiveCfg = Debug|Any CPU
		{7C150EC3-6363-46C0-B0F7-F58FBE43528C}.Debug|Any CPU.Build.0 = Debug|Any CPU
		{7C150EC3-6363-46C0-B0F7-F58FBE43528C}.Release|Any CPU.ActiveCfg = Release|Any CPU
		{7C150EC3-6363-46C0-B0F7-F58FBE43528C}.Release|Any CPU.Build.0 = Release|Any CPU
	EndGlobalSection
	GlobalSection(SolutionProperties) = preSolution
		HideSolutionNode = FALSE
	EndGlobalSection
	GlobalSection(ExtensibilityGlobals) = postSolution
		SolutionGuid = {1B0ACC49-AD43-4D47-85CA-1824AA256B92}
	EndGlobalSection
EndGlobal
